
Microsoft Visual Studio Solution File, Format Version 12.00
# Visual Studio 15
VisualStudioVersion = 15.0.28307.902
MinimumVisualStudioVersion = 10.0.40219.1
Project("{FAE04EC0-301F-11D3-BF4B-00C04F79EFBC}") = "MusicServer", "MusicServer\MusicServer.csproj", "{B4B1F58E-D137-43BB-9E0E-23C5A8C0AF40}"
EndProject
Global
	GlobalSection(SolutionConfigurationPlatforms) = preSolution
		Debug|Any CPU = Debug|Any CPU
		Release|Any CPU = Release|Any CPU
	EndGlobalSection
	GlobalSection(ProjectConfigurationPlatforms) = postSolution
		{B4B1F58E-D137-43BB-9E0E-23C5A8C0AF40}.Debug|Any CPU.ActiveCfg = Debug|Any CPU
		{B4B1F58E-D137-43BB-9E0E-23C5A8C0AF40}.Debug|Any CPU.Build.0 = Debug|Any CPU
		{B4B1F58E-D137-43BB-9E0E-23C5A8C0AF40}.Release|Any CPU.ActiveCfg = Release|Any CPU
		{B4B1F58E-D137-43BB-9E0E-23C5A8C0AF40}.Release|Any CPU.Build.0 = Release|Any CPU
	EndGlobalSection
	GlobalSection(SolutionProperties) = preSolution
		HideSolutionNode = FALSE
	EndGlobalSection
	GlobalSection(ExtensibilityGlobals) = postSolution
		SolutionGuid = {39CF7658-9D5C-49DC-A81B-DF0A0C196CD3}
	EndGlobalSection
EndGlobal
